
Microsoft Visual Studio Solution File, Format Version 12.00
# Visual Studio Version 17
VisualStudioVersion = 17.10.35027.167
MinimumVisualStudioVersion = 10.0.40219.1
Project("{2150E333-8FDC-42A3-9474-1A3956D46DE8}") = "BookingService", "BookingService", "{1795C2BD-2799-430D-AE9B-D7E38997D88A}"
EndProject
Project("{2150E333-8FDC-42A3-9474-1A3956D46DE8}") = "PaymentService", "PaymentService", "{F38A8E21-B4AF-4D3D-90B3-710173BD657C}"
EndProject
Project("{2150E333-8FDC-42A3-9474-1A3956D46DE8}") = "Core", "Core", "{322D7A3C-ABC2-47BD-BD00-753F7011E971}"
EndProject
Project("{2150E333-8FDC-42A3-9474-1A3956D46DE8}") = "Domain", "Domain", "{DE496D9B-F67A-4290-A4D3-CF278EFDF639}"
EndProject
Project("{2150E333-8FDC-42A3-9474-1A3956D46DE8}") = "Application", "Application", "{A5EE977D-1AD6-46E5-A198-6234708CB719}"
EndProject
Project("{2150E333-8FDC-42A3-9474-1A3956D46DE8}") = "Adapters", "Adapters", "{68CEE94C-CB96-427F-A487-D3C364C189C9}"
EndProject
Project("{2150E333-8FDC-42A3-9474-1A3956D46DE8}") = "Consumers", "Consumers", "{FB7208A4-CB92-45DF-B600-283210E72E85}"
EndProject
Project("{2150E333-8FDC-42A3-9474-1A3956D46DE8}") = "Tests", "Tests", "{0D9EA045-5497-481B-B01D-C985F00DB6A6}"
EndProject
Project("{2150E333-8FDC-42A3-9474-1A3956D46DE8}") = "Domain", "Domain", "{E40DA420-FBB3-4462-B51D-CB890058C070}"
EndProject
Project("{2150E333-8FDC-42A3-9474-1A3956D46DE8}") = "Application", "Application", "{A66CCBFA-3BCA-47FF-A9D1-3B921EEED606}"
EndProject
Project("{2150E333-8FDC-42A3-9474-1A3956D46DE8}") = "Adapters", "Adapters", "{27D29B3D-6F95-465F-B701-F1347D31D7F3}"
EndProject
Project("{9A19103F-16F7-4668-BE54-9A1E7A4F7556}") = "DomainTests", "BookingService\Tests\Domain\DomainTests\DomainTests.csproj", "{56AD77EF-9D12-41BD-918A-AD53457AE718}"
EndProject
Project("{9A19103F-16F7-4668-BE54-9A1E7A4F7556}") = "ApplicationTests", "BookingService\Tests\Application\ApplicationTests\ApplicationTests.csproj", "{1C302DD5-59E6-4779-ABC8-CBEC9C816C3F}"
EndProject
Project("{9A19103F-16F7-4668-BE54-9A1E7A4F7556}") = "AdaptersTests", "BookingService\Tests\Adapters\AdaptersTests\AdaptersTests.csproj", "{E310DCC5-0B28-4EC6-BB1A-6E99FA7DEF71}"
EndProject
Project("{9A19103F-16F7-4668-BE54-9A1E7A4F7556}") = "API", "BookingService\Consumers\API\API.csproj", "{84513AA3-8377-4FFE-9F5E-73963F02D428}"
EndProject
Project("{9A19103F-16F7-4668-BE54-9A1E7A4F7556}") = "Data", "BookingService\Adapters\Data\Data.csproj", "{65BC61C6-B837-494A-B9E3-43807913342B}"
EndProject
Project("{9A19103F-16F7-4668-BE54-9A1E7A4F7556}") = "Application", "BookingService\Core\Application\Application.csproj", "{42A057F8-561B-404E-824B-7B5E586AF507}"
EndProject
Project("{9A19103F-16F7-4668-BE54-9A1E7A4F7556}") = "Domain", "BookingService\Core\Domain\Domain.csproj", "{9BFC2728-5D56-40F3-80A1-8F74031CC089}"
EndProject
Global
	GlobalSection(SolutionConfigurationPlatforms) = preSolution
		Debug|Any CPU = Debug|Any CPU
		Release|Any CPU = Release|Any CPU
	EndGlobalSection
	GlobalSection(ProjectConfigurationPlatforms) = postSolution
		{56AD77EF-9D12-41BD-918A-AD53457AE718}.Debug|Any CPU.ActiveCfg = Debug|Any CPU
		{56AD77EF-9D12-41BD-918A-AD53457AE718}.Debug|Any CPU.Build.0 = Debug|Any CPU
		{56AD77EF-9D12-41BD-918A-AD53457AE718}.Release|Any CPU.ActiveCfg = Release|Any CPU
		{56AD77EF-9D12-41BD-918A-AD53457AE718}.Release|Any CPU.Build.0 = Release|Any CPU
		{1C302DD5-59E6-4779-ABC8-CBEC9C816C3F}.Debug|Any CPU.ActiveCfg = Debug|Any CPU
		{1C302DD5-59E6-4779-ABC8-CBEC9C816C3F}.Debug|Any CPU.Build.0 = Debug|Any CPU
		{1C302DD5-59E6-4779-ABC8-CBEC9C816C3F}.Release|Any CPU.ActiveCfg = Release|Any CPU
		{1C302DD5-59E6-4779-ABC8-CBEC9C816C3F}.Release|Any CPU.Build.0 = Release|Any CPU
		{E310DCC5-0B28-4EC6-BB1A-6E99FA7DEF71}.Debug|Any CPU.ActiveCfg = Debug|Any CPU
		{E310DCC5-0B28-4EC6-BB1A-6E99FA7DEF71}.Debug|Any CPU.Build.0 = Debug|Any CPU
		{E310DCC5-0B28-4EC6-BB1A-6E99FA7DEF71}.Release|Any CPU.ActiveCfg = Release|Any CPU
		{E310DCC5-0B28-4EC6-BB1A-6E99FA7DEF71}.Release|Any CPU.Build.0 = Release|Any CPU
		{84513AA3-8377-4FFE-9F5E-73963F02D428}.Debug|Any CPU.ActiveCfg = Debug|Any CPU
		{84513AA3-8377-4FFE-9F5E-73963F02D428}.Debug|Any CPU.Build.0 = Debug|Any CPU
		{84513AA3-8377-4FFE-9F5E-73963F02D428}.Release|Any CPU.ActiveCfg = Release|Any CPU
		{84513AA3-8377-4FFE-9F5E-73963F02D428}.Release|Any CPU.Build.0 = Release|Any CPU
		{65BC61C6-B837-494A-B9E3-43807913342B}.Debug|Any CPU.ActiveCfg = Debug|Any CPU
		{65BC61C6-B837-494A-B9E3-43807913342B}.Debug|Any CPU.Build.0 = Debug|Any CPU
		{65BC61C6-B837-494A-B9E3-43807913342B}.Release|Any CPU.ActiveCfg = Release|Any CPU
		{65BC61C6-B837-494A-B9E3-43807913342B}.Release|Any CPU.Build.0 = Release|Any CPU
		{42A057F8-561B-404E-824B-7B5E586AF507}.Debug|Any CPU.ActiveCfg = Debug|Any CPU
		{42A057F8-561B-404E-824B-7B5E586AF507}.Debug|Any CPU.Build.0 = Debug|Any CPU
		{42A057F8-561B-404E-824B-7B5E586AF507}.Release|Any CPU.ActiveCfg = Release|Any CPU
		{42A057F8-561B-404E-824B-7B5E586AF507}.Release|Any CPU.Build.0 = Release|Any CPU
		{9BFC2728-5D56-40F3-80A1-8F74031CC089}.Debug|Any CPU.ActiveCfg = Debug|Any CPU
		{9BFC2728-5D56-40F3-80A1-8F74031CC089}.Debug|Any CPU.Build.0 = Debug|Any CPU
		{9BFC2728-5D56-40F3-80A1-8F74031CC089}.Release|Any CPU.ActiveCfg = Release|Any CPU
		{9BFC2728-5D56-40F3-80A1-8F74031CC089}.Release|Any CPU.Build.0 = Release|Any CPU
	EndGlobalSection
	GlobalSection(SolutionProperties) = preSolution
		HideSolutionNode = FALSE
	EndGlobalSection
	GlobalSection(NestedProjects) = preSolution
		{322D7A3C-ABC2-47BD-BD00-753F7011E971} = {1795C2BD-2799-430D-AE9B-D7E38997D88A}
		{DE496D9B-F67A-4290-A4D3-CF278EFDF639} = {322D7A3C-ABC2-47BD-BD00-753F7011E971}
		{A5EE977D-1AD6-46E5-A198-6234708CB719} = {322D7A3C-ABC2-47BD-BD00-753F7011E971}
		{68CEE94C-CB96-427F-A487-D3C364C189C9} = {1795C2BD-2799-430D-AE9B-D7E38997D88A}
		{FB7208A4-CB92-45DF-B600-283210E72E85} = {1795C2BD-2799-430D-AE9B-D7E38997D88A}
		{0D9EA045-5497-481B-B01D-C985F00DB6A6} = {1795C2BD-2799-430D-AE9B-D7E38997D88A}
		{E40DA420-FBB3-4462-B51D-CB890058C070} = {0D9EA045-5497-481B-B01D-C985F00DB6A6}
		{A66CCBFA-3BCA-47FF-A9D1-3B921EEED606} = {0D9EA045-5497-481B-B01D-C985F00DB6A6}
		{27D29B3D-6F95-465F-B701-F1347D31D7F3} = {0D9EA045-5497-481B-B01D-C985F00DB6A6}
		{56AD77EF-9D12-41BD-918A-AD53457AE718} = {E40DA420-FBB3-4462-B51D-CB890058C070}
		{1C302DD5-59E6-4779-ABC8-CBEC9C816C3F} = {A66CCBFA-3BCA-47FF-A9D1-3B921EEED606}
		{E310DCC5-0B28-4EC6-BB1A-6E99FA7DEF71} = {27D29B3D-6F95-465F-B701-F1347D31D7F3}
		{84513AA3-8377-4FFE-9F5E-73963F02D428} = {FB7208A4-CB92-45DF-B600-283210E72E85}
		{65BC61C6-B837-494A-B9E3-43807913342B} = {68CEE94C-CB96-427F-A487-D3C364C189C9}
		{42A057F8-561B-404E-824B-7B5E586AF507} = {A5EE977D-1AD6-46E5-A198-6234708CB719}
		{9BFC2728-5D56-40F3-80A1-8F74031CC089} = {DE496D9B-F67A-4290-A4D3-CF278EFDF639}
	EndGlobalSection
	GlobalSection(ExtensibilityGlobals) = postSolution
		SolutionGuid = {25D99B2E-E6A6-460A-A055-D11BED4A21F3}
	EndGlobalSection
EndGlobal
